
Microsoft Visual Studio Solution File, Format Version 12.00
# Visual Studio Version 16
VisualStudioVersion = 16.0.31624.102
MinimumVisualStudioVersion = 10.0.40219.1
Project("{FAE04EC0-301F-11D3-BF4B-00C04F79EFBC}") = "Helloworld1", "Helloworld1\Helloworld1.csproj", "{B1CFE894-585F-4C11-B16E-B5B500C9BF4E}"
EndProject
Project("{FAE04EC0-301F-11D3-BF4B-00C04F79EFBC}") = "WindowsFormsApp1", "WindowsFormsApp1\WindowsFormsApp1.csproj", "{C94E24F7-FAAC-41AA-BF92-A1AA4B873918}"
EndProject
Global
	GlobalSection(SolutionConfigurationPlatforms) = preSolution
		Debug|Any CPU = Debug|Any CPU
		Release|Any CPU = Release|Any CPU
	EndGlobalSection
	GlobalSection(ProjectConfigurationPlatforms) = postSolution
		{B1CFE894-585F-4C11-B16E-B5B500C9BF4E}.Debug|Any CPU.ActiveCfg = Debug|Any CPU
		{B1CFE894-585F-4C11-B16E-B5B500C9BF4E}.Debug|Any CPU.Build.0 = Debug|Any CPU
		{B1CFE894-585F-4C11-B16E-B5B500C9BF4E}.Release|Any CPU.ActiveCfg = Release|Any CPU
		{B1CFE894-585F-4C11-B16E-B5B500C9BF4E}.Release|Any CPU.Build.0 = Release|Any CPU
		{C94E24F7-FAAC-41AA-BF92-A1AA4B873918}.Debug|Any CPU.ActiveCfg = Debug|Any CPU
		{C94E24F7-FAAC-41AA-BF92-A1AA4B873918}.Debug|Any CPU.Build.0 = Debug|Any CPU
		{C94E24F7-FAAC-41AA-BF92-A1AA4B873918}.Release|Any CPU.ActiveCfg = Release|Any CPU
		{C94E24F7-FAAC-41AA-BF92-A1AA4B873918}.Release|Any CPU.Build.0 = Release|Any CPU
	EndGlobalSection
	GlobalSection(SolutionProperties) = preSolution
		HideSolutionNode = FALSE
	EndGlobalSection
	GlobalSection(ExtensibilityGlobals) = postSolution
		SolutionGuid = {8A8F9637-D9A8-457E-8AC8-040BC91DFB2F}
	EndGlobalSection
EndGlobal
